
Microsoft Visual Studio Solution File, Format Version 12.00
# Visual Studio Version 17
VisualStudioVersion = 17.3.32922.545
MinimumVisualStudioVersion = 10.0.40219.1
Project("{8BC9CEB8-8B4A-11D0-8D11-00A0C91BC942}") = "Le Devoir 28", "Le Devoir 28\Le Devoir 28.vcxproj", "{56E95AC2-AF06-47D5-BD5A-82C82E218EFA}"
EndProject
Global
	GlobalSection(SolutionConfigurationPlatforms) = preSolution
		Debug|x64 = Debug|x64
		Debug|x86 = Debug|x86
		Release|x64 = Release|x64
		Release|x86 = Release|x86
	EndGlobalSection
	GlobalSection(ProjectConfigurationPlatforms) = postSolution
		{56E95AC2-AF06-47D5-BD5A-82C82E218EFA}.Debug|x64.ActiveCfg = Debug|x64
		{56E95AC2-AF06-47D5-BD5A-82C82E218EFA}.Debug|x64.Build.0 = Debug|x64
		{56E95AC2-AF06-47D5-BD5A-82C82E218EFA}.Debug|x86.ActiveCfg = Debug|Win32
		{56E95AC2-AF06-47D5-BD5A-82C82E218EFA}.Debug|x86.Build.0 = Debug|Win32
		{56E95AC2-AF06-47D5-BD5A-82C82E218EFA}.Release|x64.ActiveCfg = Release|x64
		{56E95AC2-AF06-47D5-BD5A-82C82E218EFA}.Release|x64.Build.0 = Release|x64
		{56E95AC2-AF06-47D5-BD5A-82C82E218EFA}.Release|x86.ActiveCfg = Release|Win32
		{56E95AC2-AF06-47D5-BD5A-82C82E218EFA}.Release|x86.Build.0 = Release|Win32
	EndGlobalSection
	GlobalSection(SolutionProperties) = preSolution
		HideSolutionNode = FALSE
	EndGlobalSection
	GlobalSection(ExtensibilityGlobals) = postSolution
		SolutionGuid = {F6FE2BC2-E4AE-4DF8-B25B-6182B830B9B8}
	EndGlobalSection
EndGlobal
